
Microsoft Visual Studio Solution File, Format Version 12.00
# Visual Studio Version 16
VisualStudioVersion = 16.0.31321.278
MinimumVisualStudioVersion = 10.0.40219.1
Project("{FAE04EC0-301F-11D3-BF4B-00C04F79EFBC}") = "DataAccess", "DataAccess\DataAccess.csproj", "{683FFC34-D3D8-4323-B6BB-9D7E6268C651}"
EndProject
Project("{FAE04EC0-301F-11D3-BF4B-00C04F79EFBC}") = "Business", "Business\Business.csproj", "{9A1D3FF6-FF2F-413E-A57C-D676DF48F27A}"
EndProject
Project("{FAE04EC0-301F-11D3-BF4B-00C04F79EFBC}") = "Entities", "Entities\Entities.csproj", "{DDA819D4-A6D4-40ED-A2CC-3DCD8D33BB02}"
EndProject
Project("{FAE04EC0-301F-11D3-BF4B-00C04F79EFBC}") = "ConsoleUI", "ConsoleUI\ConsoleUI.csproj", "{DFB8CADC-13E8-4C07-9845-224EE0ABCCB3}"
EndProject
Global
	GlobalSection(SolutionConfigurationPlatforms) = preSolution
		Debug|Any CPU = Debug|Any CPU
		Release|Any CPU = Release|Any CPU
	EndGlobalSection
	GlobalSection(ProjectConfigurationPlatforms) = postSolution
		{683FFC34-D3D8-4323-B6BB-9D7E6268C651}.Debug|Any CPU.ActiveCfg = Debug|Any CPU
		{683FFC34-D3D8-4323-B6BB-9D7E6268C651}.Debug|Any CPU.Build.0 = Debug|Any CPU
		{683FFC34-D3D8-4323-B6BB-9D7E6268C651}.Release|Any CPU.ActiveCfg = Release|Any CPU
		{683FFC34-D3D8-4323-B6BB-9D7E6268C651}.Release|Any CPU.Build.0 = Release|Any CPU
		{9A1D3FF6-FF2F-413E-A57C-D676DF48F27A}.Debug|Any CPU.ActiveCfg = Debug|Any CPU
		{9A1D3FF6-FF2F-413E-A57C-D676DF48F27A}.Debug|Any CPU.Build.0 = Debug|Any CPU
		{9A1D3FF6-FF2F-413E-A57C-D676DF48F27A}.Release|Any CPU.ActiveCfg = Release|Any CPU
		{9A1D3FF6-FF2F-413E-A57C-D676DF48F27A}.Release|Any CPU.Build.0 = Release|Any CPU
		{DDA819D4-A6D4-40ED-A2CC-3DCD8D33BB02}.Debug|Any CPU.ActiveCfg = Debug|Any CPU
		{DDA819D4-A6D4-40ED-A2CC-3DCD8D33BB02}.Debug|Any CPU.Build.0 = Debug|Any CPU
		{DDA819D4-A6D4-40ED-A2CC-3DCD8D33BB02}.Release|Any CPU.ActiveCfg = Release|Any CPU
		{DDA819D4-A6D4-40ED-A2CC-3DCD8D33BB02}.Release|Any CPU.Build.0 = Release|Any CPU
		{DFB8CADC-13E8-4C07-9845-224EE0ABCCB3}.Debug|Any CPU.ActiveCfg = Debug|Any CPU
		{DFB8CADC-13E8-4C07-9845-224EE0ABCCB3}.Debug|Any CPU.Build.0 = Debug|Any CPU
		{DFB8CADC-13E8-4C07-9845-224EE0ABCCB3}.Release|Any CPU.ActiveCfg = Release|Any CPU
		{DFB8CADC-13E8-4C07-9845-224EE0ABCCB3}.Release|Any CPU.Build.0 = Release|Any CPU
	EndGlobalSection
	GlobalSection(SolutionProperties) = preSolution
		HideSolutionNode = FALSE
	EndGlobalSection
	GlobalSection(ExtensibilityGlobals) = postSolution
		SolutionGuid = {4A08840A-93E5-4285-8CAC-B5023F933663}
	EndGlobalSection
EndGlobal
